
Microsoft Visual Studio Solution File, Format Version 12.00
# Visual Studio Version 16
VisualStudioVersion = 16.0.29709.97
MinimumVisualStudioVersion = 10.0.40219.1
Project("{FAE04EC0-301F-11D3-BF4B-00C04F79EFBC}") = "SftpClientDemo", "SftpClientDemo\SftpClientDemo.csproj", "{73C726F5-CC52-4ED8-BB81-90568A74A5B3}"
EndProject
Global
	GlobalSection(SolutionConfigurationPlatforms) = preSolution
		Debug|Any CPU = Debug|Any CPU
		Release|Any CPU = Release|Any CPU
	EndGlobalSection
	GlobalSection(ProjectConfigurationPlatforms) = postSolution
		{73C726F5-CC52-4ED8-BB81-90568A74A5B3}.Debug|Any CPU.ActiveCfg = Debug|Any CPU
		{73C726F5-CC52-4ED8-BB81-90568A74A5B3}.Debug|Any CPU.Build.0 = Debug|Any CPU
		{73C726F5-CC52-4ED8-BB81-90568A74A5B3}.Release|Any CPU.ActiveCfg = Release|Any CPU
		{73C726F5-CC52-4ED8-BB81-90568A74A5B3}.Release|Any CPU.Build.0 = Release|Any CPU
	EndGlobalSection
	GlobalSection(SolutionProperties) = preSolution
		HideSolutionNode = FALSE
	EndGlobalSection
	GlobalSection(ExtensibilityGlobals) = postSolution
		SolutionGuid = {76C218C7-50B9-4ECF-BA95-0F8C50B4BA3C}
	EndGlobalSection
EndGlobal
